<?xml version="1.0" encoding="utf-8"?>
<Project ToolsVersion="4.0" xmlns="http://schemas.microsoft.com/developer/msbuild/2003">
  <ItemGroup>
    <Filter Include="src">
      <UniqueIdentifier>{4FC737F1-C7A5-4376-A066-2A32D752A2FF}</UniqueIdentifier>
      <Extensions>cpp;c;cc;cxx;def;odl;idl;hpj;bat;asm;asmx</Extensions>
    </Filter>
    <Filter Include="include">
      <UniqueIdentifier>{93995380-89BD-4b04-88EB-625FBE52EBFB}</UniqueIdentifier>
      <Extensions>h;hpp;hxx;hm;inl;inc;xsd</Extensions>
    </Filter>
    <Filter Include="resources">
      <UniqueIdentifier>{2ac1a96b-236c-4c6e-a563-eb03b7179f86}</UniqueIdentifier>
    </Filter>
    <Filter Include="resources\manifest">
      <UniqueIdentifier>{9d2e0a2a-9d3f-4a7e-9d1a-6b6f6e0a5d3c}</UniqueIdentifier>
    </Filter>
    <Filter Include="src\Core XL">
      <UniqueIdentifier>{8b54388f-3e49-4371-8531-e7eef24522f0}</UniqueIdentifier>
    </Filter>
    <Filter Include="src\Optional XL">
      <UniqueIdentifier>{6c2f9c09-0875-4166-8082-87150c5befa8}</UniqueIdentifier>
    </Filter>
  </ItemGroup>
  <ItemGroup>
    <None Include="..\src\AQ_XLL\resources\SetUp.md">
      <Filter>resources</Filter>
    </None>
    <None Include="..\src\AQ_XLL\resources\manifest\generateManifestList.bat">
      <Filter>resources\manifest</Filter>
    </None>
    <None Include="..\src\AQ_XLL\resources\manifest\activeList.txt">
      <Filter>resources\manifest</Filter>
    </None>
    <None Include="..\src\AQ_XLL\resources\manifest\demoList.txt">
      <Filter>resources\manifest</Filter>
    </None>
  </ItemGroup>
  <ItemGroup>
    <ClCompile Include="..\src\AQ_XLL\src\xllSupport.cpp">
      <Filter>src\Core XL</Filter>
    </ClCompile>
    <ClCompile Include="..\src\AQ_XLL\src\xllDate.cpp">
      <Filter>src\Core XL</Filter>
    </ClCompile>
    <ClCompile Include="..\src\AQ_XLL\src\xllMain.cpp">
      <Filter>src\Core XL</Filter>
    </ClCompile>
    <ClCompile Include="..\src\AQ_XLL\src\xllObject.cpp">
      <Filter>src\Core XL</Filter>
    </ClCompile>
    <ClCompile Include="..\src\AQ_XLL\src\xllMath.cpp">
      <Filter>src\Core XL</Filter>
    </ClCompile>
    <ClCompile Include="..\src\AQ_XLL\src\xllTool.cpp">
      <Filter>src\Core XL</Filter>
    </ClCompile>
    <ClCompile Include="..\src\AQ_XLL\src\xllAssetSwap.cpp">
      <Filter>src\Optional XL</Filter>
    </ClCompile>
    <ClCompile Include="..\src\AQ_XLL\src\xllBond.cpp">
      <Filter>src\Optional XL</Filter>
    </ClCompile>
    <ClCompile Include="..\src\AQ_XLL\src\xllCapFloor.cpp">
      <Filter>src\Optional XL</Filter>
    </ClCompile>
    <ClCompile Include="..\src\AQ_XLL\src\xllCMS.cpp">
      <Filter>src\Optional XL</Filter>
    </ClCompile>
    <ClCompile Include="..\src\AQ_XLL\src\xllCredit.cpp">
      <Filter>src\Optional XL</Filter>
    </ClCompile>
    <ClCompile Include="..\src\AQ_XLL\src\xllFuture.cpp">
      <Filter>src\Optional XL</Filter>
    </ClCompile>
    <ClCompile Include="..\src\AQ_XLL\src\xllFX.cpp">
      <Filter>src\Optional XL</Filter>
    </ClCompile>
    <ClCompile Include="..\src\AQ_XLL\src\xllInflation.cpp">
      <Filter>src\Optional XL</Filter>
    </ClCompile>
    <ClCompile Include="..\src\AQ_XLL\src\xllSwap.cpp">
      <Filter>src\Optional XL</Filter>
    </ClCompile>
    <ClCompile Include="..\src\AQ_XLL\src\xllSwaption.cpp">
      <Filter>src\Optional XL</Filter>
    </ClCompile>
    <ClCompile Include="..\src\AQ_XLL\src\xllTRS.cpp">
      <Filter>src\Optional XL</Filter>
    </ClCompile>
    <ClCompile Include="..\src\AQ_XLL\src\xllVolatility.cpp">
      <Filter>src\Optional XL</Filter>
    </ClCompile>
    <ClCompile Include="..\src\AQ_XLL\src\xllCurve.cpp">
      <Filter>src\Core XL</Filter>
    </ClCompile>
    <ClCompile Include="..\src\AQ_XLL\src\xllIR.cpp">
      <Filter>src\Core XL</Filter>
    </ClCompile>
    <ClCompile Include="..\src\AQ_XLL\src\xllGenerator.cpp">
      <Filter>src\Core XL</Filter>
    </ClCompile>
  </ItemGroup>
  <ItemGroup>
    <ClInclude Include="..\src\AQ_XLL\include\xllSupport.h">
      <Filter>include</Filter>
    </ClInclude>
    <ClInclude Include="..\src\AQ_XLL\include\xllMain.h">
      <Filter>include</Filter>
    </ClInclude>
    <ClInclude Include="..\src\AQ_XLL\include\generated\xllManifestList.h">
      <Filter>include</Filter>
    </ClInclude>
  </ItemGroup>
</Project>