<?xml version="1.0" encoding="utf-8"?>
<Project ToolsVersion="4.0" xmlns="http://schemas.microsoft.com/developer/msbuild/2003">
  <ItemGroup>
    <Filter Include="include">
      <UniqueIdentifier>{4FC737F1-C7A5-4376-A066-2A32D752A2FF}</UniqueIdentifier>
      <Extensions>cpp;c;cxx;def;odl;idl;hpj;bat;asm;asmx</Extensions>
    </Filter>
    <Filter Include="src">
      <UniqueIdentifier>{93995380-89BD-4b04-88EB-625FBE52EBFB}</UniqueIdentifier>
      <Extensions>h;hpp;hxx;hm;inl;inc;xsd</Extensions>
    </Filter>
    <Filter Include="include\Integration">
      <UniqueIdentifier>{daf04f0c-a8f3-4b40-82f0-98b1c7ba677e}</UniqueIdentifier>
    </Filter>
    <Filter Include="include\Interpolation">
      <UniqueIdentifier>{8a7e8c74-325a-48c2-b9de-14a083096a58}</UniqueIdentifier>
    </Filter>
    <Filter Include="include\DataTypes">
      <UniqueIdentifier>{807342a0-9294-4812-a3d0-9326efcf8a9b}</UniqueIdentifier>
    </Filter>
    <Filter Include="include\Definitions">
      <UniqueIdentifier>{3cbe48c9-3f46-47e2-a324-7e4966613fcc}</UniqueIdentifier>
    </Filter>
    <Filter Include="include\Distributions">
      <UniqueIdentifier>{f1f0ad6a-c963-4351-9bfb-d46ebdd8b02d}</UniqueIdentifier>
    </Filter>
    <Filter Include="include\ErrorHandling">		
      <UniqueIdentifier>{780f5fe2-0a44-4184-93d3-24bb775e79e5}</UniqueIdentifier>
    </Filter>
    <Filter Include="include\Factory">
      <UniqueIdentifier>{7f287846-21e4-4caa-9499-05ca3dba1fb1}</UniqueIdentifier>
    </Filter>
    <Filter Include="include\Math">
      <UniqueIdentifier>{ad96b1c1-f253-493d-8a70-0094eaf19f92}</UniqueIdentifier>
    </Filter>
    <Filter Include="include\RandomVariates">
      <UniqueIdentifier>{90268723-c833-4f78-9b54-953e6aadf2b2}</UniqueIdentifier>
    </Filter>
    <Filter Include="include\Optimization">
      <UniqueIdentifier>{05be6c19-b4ab-465f-8c83-c3fa520fb34e}</UniqueIdentifier>
    </Filter>
    <Filter Include="include\Infrastructure">
      <UniqueIdentifier>{29682bdc-d06d-4490-bce6-5639c70852ac}</UniqueIdentifier>
    </Filter>
    <Filter Include="src\DataTypes">
      <UniqueIdentifier>{79f7704e-66c8-4257-9243-7bc91b555be0}</UniqueIdentifier>
    </Filter>
    <Filter Include="src\Distributions">
      <UniqueIdentifier>{a2a8daa9-15c2-4324-937c-ec426724bbec}</UniqueIdentifier>
    </Filter>
    <Filter Include="src\ErrorHandling">
      <UniqueIdentifier>{ee711f4d-fc08-4c70-ac41-9d1c02fef0a8}</UniqueIdentifier>
    </Filter>
    <Filter Include="src\Factory">
      <UniqueIdentifier>{ce51b039-26b8-4a16-837b-d47ae23108bb}</UniqueIdentifier>
    </Filter>
    <Filter Include="src\Infrastructure">
      <UniqueIdentifier>{d27649aa-4eb8-4adf-aae5-dd9e993b5342}</UniqueIdentifier>
    </Filter>
    <Filter Include="src\Integration">
      <UniqueIdentifier>{2e822c64-8f3b-40cc-90f1-cbb6294c86da}</UniqueIdentifier>
    </Filter>
    <Filter Include="src\Interpolation">
      <UniqueIdentifier>{b9643c69-e5df-4e0b-8a7b-9e0c388f76d0}</UniqueIdentifier>
    </Filter>
    <Filter Include="src\Math">
      <UniqueIdentifier>{c7686f25-2a0c-4d04-a5f6-e1de832aa667}</UniqueIdentifier>
    </Filter>
    <Filter Include="src\Optimization">
      <UniqueIdentifier>{6fb03655-917d-43be-9873-61bee281ba68}</UniqueIdentifier>
    </Filter>
    <Filter Include="src\RandomVariates">
      <UniqueIdentifier>{965133d8-0aef-47c0-b2cf-e3286d79a8c7}</UniqueIdentifier>
    </Filter>
    <Filter Include="src\StaticData">
      <UniqueIdentifier>{dd8e5589-97eb-444e-8517-d56b7b266597}</UniqueIdentifier>
    </Filter>
    <Filter Include="src\StaticData\Objects">
      <UniqueIdentifier>{81e108bc-fb06-4cfb-b7fb-8db1d54ee76f}</UniqueIdentifier>
    </Filter>
    <Filter Include="src\StaticData\Types">
      <UniqueIdentifier>{8ad5a737-64ad-464a-8e73-87ec7ef2db00}</UniqueIdentifier>
    </Filter>
    <Filter Include="include\StaticData">
      <UniqueIdentifier>{30f7b0a3-24d4-40b5-b388-3510957040e5}</UniqueIdentifier>
    </Filter>
    <Filter Include="include\StaticData\Objects">
      <UniqueIdentifier>{02368da7-4186-4076-9618-4cbe723be482}</UniqueIdentifier>
    </Filter>
    <Filter Include="include\StaticData\Types">
      <UniqueIdentifier>{0cee6d7a-1ae8-4a22-a2be-a2eaf690e36e}</UniqueIdentifier>
    </Filter>
    <Filter Include="src\MathMethods">
      <UniqueIdentifier>{8d3c57a1-8af6-450e-9536-d8ca8e1a8d19}</UniqueIdentifier>
    </Filter>
    <Filter Include="include\MathMethods">
      <UniqueIdentifier>{0fa2dc8a-6d85-4deb-a507-363bbaebc067}</UniqueIdentifier>
    </Filter>
    <Filter Include="include\Enums">
      <UniqueIdentifier>{a888ec10-6459-4355-90a5-6c470f08d98c}</UniqueIdentifier>
    </Filter>
    <Filter Include="src\Enums">
      <UniqueIdentifier>{694cef22-2a98-4493-ac7e-96aec6a4d1e0}</UniqueIdentifier>
    </Filter>
  </ItemGroup>
  <ItemGroup>
    <ClInclude Include="..\src\math\include\AQLDate.h">
      <Filter>include\DataTypes</Filter>
    </ClInclude>
    <ClInclude Include="..\src\math\include\AQLDateTime.h">
      <Filter>include\DataTypes</Filter>
    </ClInclude>
    <ClInclude Include="..\src\math\include\AQLCalendar.h">
      <Filter>include\DataTypes</Filter>
    </ClInclude>
    <ClInclude Include="..\src\math\include\AQLCalendarSet.h">
      <Filter>include\DataTypes</Filter>
    </ClInclude>
    <ClInclude Include="..\src\math\include\AQLObject.h">
      <Filter>include\StaticData\Objects</Filter>
    </ClInclude>
    <ClInclude Include="..\src\math\include\AQLObjectHolder.h">
      <Filter>include\StaticData\Objects</Filter>
    </ClInclude>
    <ClInclude Include="..\src\math\include\AQLObjectMaster.h">
      <Filter>include\StaticData\Objects</Filter>
    </ClInclude>
    <ClInclude Include="..\src\math\include\AQLObjectPool.h">
      <Filter>include\StaticData\Objects</Filter>
    </ClInclude>
    <ClInclude Include="..\src\math\include\AQLPriceDataCalendar.h">
      <Filter>include\StaticData\Types</Filter>
    </ClInclude>
    <ClInclude Include="..\src\math\include\AQLPriceDataConvention.h">
      <Filter>include\StaticData\Types</Filter>
    </ClInclude>
    <ClInclude Include="..\src\math\include\AQLPriceDataDayCount.h">
      <Filter>include\StaticData\Types</Filter>
    </ClInclude>
    <ClInclude Include="..\src\math\include\AQLPriceDataFunction.h">
      <Filter>include\StaticData\Types</Filter>
    </ClInclude>
    <ClInclude Include="..\src\math\include\AQLPriceDataFunctions.h">
      <Filter>include\StaticData\Types</Filter>
    </ClInclude>
    <ClInclude Include="..\src\math\include\AQLPriceDataInterpolation.h">
      <Filter>include\StaticData\Types</Filter>
    </ClInclude>
    <ClInclude Include="..\src\math\include\AQLPriceDataRand.h">
      <Filter>include\StaticData\Types</Filter>
    </ClInclude>
    <ClInclude Include="..\src\math\include\AQLPriceDataSlidingRule.h">
      <Filter>include\StaticData\Types</Filter>
    </ClInclude>
    <ClInclude Include="..\src\math\include\AQLDataBasics.h">
      <Filter>include\StaticData\Types</Filter>
    </ClInclude>
    <ClInclude Include="..\src\math\include\AQLDataHolder.h">
      <Filter>include\StaticData\Types</Filter>
    </ClInclude>
    <ClInclude Include="..\src\math\include\AQLDataMatrix.h">
      <Filter>include\StaticData\Types</Filter>
    </ClInclude>
    <ClInclude Include="..\src\math\include\AQLDataMultiReference.h">
      <Filter>include\StaticData\Types</Filter>
    </ClInclude>
    <ClInclude Include="..\src\math\include\AQLDataProcedure.h">
      <Filter>include\StaticData\Types</Filter>
    </ClInclude>
    <ClInclude Include="..\src\math\include\AQLDataReference.h">
      <Filter>include\StaticData\Types</Filter>
    </ClInclude>
    <ClInclude Include="..\src\math\include\AQLDataValuation.h">
      <Filter>include\StaticData\Types</Filter>
    </ClInclude>
    <ClInclude Include="..\src\math\include\AQLDataVector.h">
      <Filter>include\StaticData\Types</Filter>
    </ClInclude>
    <ClInclude Include="..\src\math\include\AQLBivariateDistribution.h">
      <Filter>include\Distributions</Filter>
    </ClInclude>
    <ClInclude Include="..\src\math\include\AQLBivariateGaussianCopula.h">
      <Filter>include\Distributions</Filter>
    </ClInclude>
    <ClInclude Include="..\src\math\include\AQLBivariateNormalDistribution.h">
      <Filter>include\Distributions</Filter>
    </ClInclude>
    <ClInclude Include="..\src\math\include\AQLBivariatePowerCopula.h">
      <Filter>include\Distributions</Filter>
    </ClInclude>
    <ClInclude Include="..\src\math\include\AQLBivariateStudentTCopula.h">
      <Filter>include\Distributions</Filter>
    </ClInclude>
    <ClInclude Include="..\src\math\include\AQLBivariateStudentTDistribution.h">
      <Filter>include\Distributions</Filter>
    </ClInclude>
    <ClInclude Include="..\src\math\include\AQLGaussHermite.h">
      <Filter>include\Integration</Filter>
    </ClInclude>
    <ClInclude Include="..\src\math\include\AQLGaussianCopula.h">
      <Filter>include\Integration</Filter>
    </ClInclude>
    <ClInclude Include="..\src\math\include\AQLGaussianQuadrature.h">
      <Filter>include\Integration</Filter>
    </ClInclude>
    <ClInclude Include="..\src\math\include\AQLGaussLaguerre.h">
      <Filter>include\Integration</Filter>
    </ClInclude>
    <ClInclude Include="..\src\math\include\AQLGaussLegendre.h">
      <Filter>include\Integration</Filter>
    </ClInclude>
    <ClInclude Include="..\src\math\include\AQLGaussLobattointegral.h">
      <Filter>include\Integration</Filter>
    </ClInclude>
    <ClInclude Include="..\src\math\include\AQLIntegralBase.h">
      <Filter>include\Integration</Filter>
    </ClInclude>
    <ClInclude Include="..\src\math\include\AQLIntegralMC.h">
      <Filter>include\Integration</Filter>
    </ClInclude>
    <ClInclude Include="..\src\math\include\AQLDist.h">
      <Filter>include\Distributions</Filter>
    </ClInclude>
    <ClInclude Include="..\src\math\include\AQLConstrainedSplineInterpolation.h">
      <Filter>include\Interpolation</Filter>
    </ClInclude>
    <ClInclude Include="..\src\math\include\AQLInterpolationBase.h">
      <Filter>include\Interpolation</Filter>
    </ClInclude>
    <ClInclude Include="..\src\math\include\AQLLinearInterpolation.h">
      <Filter>include\Interpolation</Filter>
    </ClInclude>
    <ClInclude Include="..\src\math\include\AQLLinearSplineInterpolation.h">
      <Filter>include\Interpolation</Filter>
    </ClInclude>
    <ClInclude Include="..\src\math\include\AQLMonotoneConvexInterpolation.h">
      <Filter>include\Interpolation</Filter>
    </ClInclude>
    <ClInclude Include="..\src\math\include\AQLBoxMuller.h">
      <Filter>include\RandomVariates</Filter>
    </ClInclude>
    <ClInclude Include="..\src\math\include\AQLEulerIntegral.h">
      <Filter>include\Integration</Filter>
    </ClInclude>
    <ClInclude Include="..\src\math\include\AQLCholeskyDecompSC.h">
      <Filter>include\RandomVariates</Filter>
    </ClInclude>
    <ClInclude Include="..\src\math\include\AQLBrownianBridge.h">
      <Filter>include\RandomVariates</Filter>
    </ClInclude>
    <ClInclude Include="..\src\math\include\AQLFindRootBase.h">
      <Filter>include\Optimization</Filter>
    </ClInclude>
    <ClInclude Include="..\src\math\include\AQLFindRootBrent.h">
      <Filter>include\Optimization</Filter>
    </ClInclude>
    <ClInclude Include="..\src\math\include\AQLFTQuasiRandGF.h">
      <Filter>include\RandomVariates</Filter>
    </ClInclude>
    <ClInclude Include="..\src\math\include\AQLFTQuasiRandGS.h">
      <Filter>include\RandomVariates</Filter>
    </ClInclude>
    <ClInclude Include="..\src\math\include\AQLOptimumBase.h">
      <Filter>include\Optimization</Filter>
    </ClInclude>
    <ClInclude Include="..\src\math\include\AQLOptimumBFGS.h">
      <Filter>include\Optimization</Filter>
    </ClInclude>
    <ClInclude Include="..\src\math\include\AQLOptimumBrent.h">
      <Filter>include\Optimization</Filter>
    </ClInclude>
    <ClInclude Include="..\src\math\include\AQLNl2sol.h">
      <Filter>include\Optimization</Filter>
    </ClInclude>
    <ClInclude Include="..\src\math\include\AQLSobol.h">
      <Filter>include\RandomVariates</Filter>
    </ClInclude>
    <ClInclude Include="..\src\math\include\AQLRomberg.h">
      <Filter>include\Integration</Filter>
    </ClInclude>
    <ClInclude Include="..\src\math\include\AQLCombinationFunc.h">
      <Filter>include\MathMethods</Filter>
    </ClInclude>
    <ClInclude Include="..\src\math\include\AQLCompositeFunc.h">
      <Filter>include\MathMethods</Filter>
    </ClInclude>
    <ClInclude Include="..\src\math\include\AQLConstant.h">
      <Filter>include\MathMethods</Filter>
    </ClInclude>
    <ClInclude Include="..\src\math\include\AQLDivideFunc.h">
      <Filter>include\MathMethods</Filter>
    </ClInclude>
    <ClInclude Include="..\src\math\include\AQLExpFunc.h">
      <Filter>include\MathMethods</Filter>
    </ClInclude>
    <ClInclude Include="..\src\math\include\AQLFunction.h">
      <Filter>include\MathMethods</Filter>
    </ClInclude>
    <ClInclude Include="..\src\math\include\AQLFunctionBase.h">
      <Filter>include\MathMethods</Filter>
    </ClInclude>
    <ClInclude Include="..\src\math\include\AQLFunctionVector.h">
      <Filter>include\MathMethods</Filter>
    </ClInclude>
    <ClInclude Include="..\src\math\include\AQLMinFunc.h">
      <Filter>include\MathMethods</Filter>
    </ClInclude>
    <ClInclude Include="..\src\math\include\AQLMaxFunc.h">
      <Filter>include\MathMethods</Filter>
    </ClInclude>
    <ClInclude Include="..\src\math\include\AQLQuadraticFunc.h">
      <Filter>include\MathMethods</Filter>
    </ClInclude>
    <ClInclude Include="..\src\math\include\AQLRandBase.h">
      <Filter>include\RandomVariates</Filter>
    </ClInclude>
    <ClInclude Include="..\src\math\include\AQLStudentTDistribution.h">
      <Filter>include\Distributions</Filter>
    </ClInclude>
    <ClInclude Include="..\src\math\include\AQLUnivariateDistribution.h">
      <Filter>include\Distributions</Filter>
    </ClInclude>
    <ClInclude Include="..\src\math\include\AQLNormalDistribution.h">
      <Filter>include\Distributions</Filter>
    </ClInclude>
    <ClInclude Include="..\src\math\include\AQLMersenneTwister.h">
      <Filter>include\RandomVariates</Filter>
    </ClInclude>
    <ClInclude Include="..\src\math\include\AQLParabolicInterpolation.h">
      <Filter>include\Interpolation</Filter>
    </ClInclude>
    <ClInclude Include="..\src\math\include\AQLSplineInterpolation.h">
      <Filter>include\Interpolation</Filter>
    </ClInclude>
    <ClInclude Include="..\src\math\include\AQLStepInterpolation.h">
      <Filter>include\Interpolation</Filter>
    </ClInclude>
    <ClInclude Include="..\src\math\include\AQLAntithetic.h">
      <Filter>include\RandomVariates</Filter>
    </ClInclude>
    <ClInclude Include="..\src\math\include\AQLString.h">
      <Filter>include\DataTypes</Filter>
    </ClInclude>
    <ClInclude Include="..\src\math\include\AQLPriceLSTargetFunction.h">
      <Filter>include\Optimization</Filter>
    </ClInclude>
    <ClInclude Include="..\src\math\include\AQLPriceTargetFunction.h">
      <Filter>include\Optimization</Filter>
    </ClInclude>
    <ClInclude Include="..\src\math\include\AQLProductDistribution.h">
      <Filter>include\Distributions</Filter>
    </ClInclude>
    <ClInclude Include="..\src\math\include\AQLMatrix.h">
      <Filter>include\DataTypes</Filter>
    </ClInclude>
    <ClInclude Include="..\src\math\include\AQLNumericalConstants.h">
      <Filter>include\Definitions</Filter>
    </ClInclude>
    <ClInclude Include="..\src\math\include\AQLCoreFunctionBase.h">
      <Filter>include\Factory</Filter>
    </ClInclude>
    <ClInclude Include="..\src\math\include\AQLCoreFunctionHolder.h">
      <Filter>include\Factory</Filter>
    </ClInclude>
    <ClInclude Include="..\src\math\include\AQLFunctionManager.h">
      <Filter>include\Factory</Filter>
    </ClInclude>
    <ClInclude Include="..\src\math\include\AQLFunctionUtilities.h">
      <Filter>include\Factory</Filter>
    </ClInclude>
    <ClInclude Include="..\src\math\include\AQLCoreAutoPtr.h">
      <Filter>include\Infrastructure</Filter>
    </ClInclude>
    <ClInclude Include="..\src\math\include\AQLCoreLockControl.h">
      <Filter>include\Infrastructure</Filter>
    </ClInclude>
    <ClInclude Include="..\src\math\include\AQLCoreTemplateType.h">
      <Filter>include\Definitions</Filter>
    </ClInclude>
    <ClInclude Include="..\src\math\include\AQLCoreUtil.h">
      <Filter>include\Infrastructure</Filter>
    </ClInclude>
    <ClInclude Include="..\src\math\include\AQLMathDefine.h">
      <Filter>include\Definitions</Filter>
    </ClInclude>
    <ClInclude Include="..\src\math\include\AQLCoreReferencePool.h">
      <Filter>include\StaticData\Objects</Filter>
    </ClInclude>
    <ClInclude Include="..\src\math\include\AQLCoreProcedure.h">
      <Filter>include\StaticData\Objects</Filter>
    </ClInclude>
    <ClInclude Include="..\src\math\include\AQLCoreValuation.h">
      <Filter>include\MathMethods</Filter>
    </ClInclude>
    <ClInclude Include="..\src\math\include\AQLMathValuableEntity.h">
      <Filter>include\MathMethods</Filter>
    </ClInclude>
    <ClInclude Include="..\src\math\include\AQLAlgorithm.h">
      <Filter>include\Math</Filter>
    </ClInclude>
    <ClInclude Include="..\src\math\include\AQLBasic.h">
      <Filter>include\Math</Filter>
    </ClInclude>
    <ClInclude Include="..\src\math\include\AQLFactorModel.h">
      <Filter>include\Math</Filter>
    </ClInclude>
    <ClInclude Include="..\src\math\include\AQLDataObjHolder.h">
      <Filter>include\StaticData\Objects</Filter>
    </ClInclude>
    <ClInclude Include="..\src\math\include\AQLDataBase.h">
      <Filter>include\StaticData\Objects</Filter>
    </ClInclude>
    <ClInclude Include="..\src\math\include\AQLDataCSVFileLoader.h">
      <Filter>include\Infrastructure</Filter>
    </ClInclude>
    <ClInclude Include="..\src\math\include\AQLDataFile.h">
      <Filter>include\Infrastructure</Filter>
    </ClInclude>
    <ClInclude Include="..\src\math\include\AQLIntegratedFunc.h">
      <Filter>include\Integration</Filter>
    </ClInclude>
    <ClInclude Include="..\src\math\include\AQLLinearFunc.h">
      <Filter>include\MathMethods</Filter>
    </ClInclude>
    <ClInclude Include="..\src\math\include\AQLShiftFunc.h">
      <Filter>include\MathMethods</Filter>
    </ClInclude>
    <ClInclude Include="..\src\math\include\AQL1DNormDist.h">
      <Filter>include\Distributions</Filter>
    </ClInclude>
    <ClInclude Include="..\src\math\include\AQLBivariateCopula.h">
      <Filter>include\Distributions</Filter>
    </ClInclude>
    <ClInclude Include="..\src\math\include\AQL1DDataSet.h">
      <Filter>include\Optimization</Filter>
    </ClInclude>
    <ClInclude Include="..\src\math\include\AQL1DIntegral.h">
      <Filter>include\Integration</Filter>
    </ClInclude>
    <ClInclude Include="..\src\math\include\AQL1DPolynomialFunc.h">
      <Filter>include\MathMethods</Filter>
    </ClInclude>
    <ClInclude Include="..\src\math\include\AQLDataInstance.h">
      <Filter>include\StaticData\Objects</Filter>
    </ClInclude>
    <ClInclude Include="..\src\math\include\AQLCoreAppError.h">
      <Filter>include\ErrorHandling</Filter>
    </ClInclude>
    <ClInclude Include="..\src\math\include\AQLCoreError.h">
      <Filter>include\ErrorHandling</Filter>
    </ClInclude>
    <ClInclude Include="..\src\math\include\AQLCoreSystemError.h">
      <Filter>include\ErrorHandling</Filter>
    </ClInclude>
    <ClInclude Include="..\src\math\include\AQLPriceDataManager.h">
      <Filter>include\StaticData\Types</Filter>
    </ClInclude>
    <ClInclude Include="..\src\math\include\AQLPriceDataType.h">
      <Filter>include\StaticData\Types</Filter>
    </ClInclude>
    <ClInclude Include="..\src\math\include\AQLMonotoneSplineInterpolation.h">
      <Filter>include\Interpolation</Filter>
    </ClInclude>
    <ClInclude Include="..\src\math\include\AQLLinearMonotoneSplineInterpolation.h">
      <Filter>include\Interpolation</Filter>
    </ClInclude>
    <ClInclude Include="..\src\math\include\CoreEnumerations.h">
      <Filter>include\Enums</Filter>
    </ClInclude>
    <ClInclude Include="..\src\math\include\ETradingException.h">
      <Filter>include\ErrorHandling</Filter>
    </ClInclude>
    <ClInclude Include="..\src\math\include\ExceptionMacros.h">
      <Filter>include\ErrorHandling</Filter>
    </ClInclude>
    <ClInclude Include="..\src\math\include\AQLEnumConversion.h">
      <Filter>include\Enums</Filter>
    </ClInclude>
  </ItemGroup>
  <ItemGroup>
    <ClCompile Include="..\src\math\src\AQLDate.cpp">
      <Filter>src\DataTypes</Filter>
    </ClCompile>
    <ClCompile Include="..\src\math\src\AQLDateTime.cpp">
      <Filter>src\DataTypes</Filter>
    </ClCompile>
    <ClCompile Include="..\src\math\src\AQLString.cpp">
      <Filter>src\DataTypes</Filter>
    </ClCompile>
    <ClCompile Include="..\src\math\src\AQLCalendar.cpp">
      <Filter>src\DataTypes</Filter>
    </ClCompile>
    <ClCompile Include="..\src\math\src\AQLCalendarSet.cpp">
      <Filter>src\DataTypes</Filter>
    </ClCompile>
    <ClCompile Include="..\src\math\src\AQLMatrix.cpp">
      <Filter>src\DataTypes</Filter>
    </ClCompile>
    <ClCompile Include="..\src\math\src\AQLDataBasics.cpp">
      <Filter>src\StaticData\Types</Filter>
    </ClCompile>
    <ClCompile Include="..\src\math\src\AQLDataHolder.cpp">
      <Filter>src\StaticData\Types</Filter>
    </ClCompile>
    <ClCompile Include="..\src\math\src\AQLDataMatrix.cpp">
      <Filter>src\StaticData\Types</Filter>
    </ClCompile>
    <ClCompile Include="..\src\math\src\AQLDataMultiReference.cpp">
      <Filter>src\StaticData\Types</Filter>
    </ClCompile>
    <ClCompile Include="..\src\math\src\AQLDataProcedure.cpp">
      <Filter>src\StaticData\Types</Filter>
    </ClCompile>
    <ClCompile Include="..\src\math\src\AQLDataReference.cpp">
      <Filter>src\StaticData\Types</Filter>
    </ClCompile>
    <ClCompile Include="..\src\math\src\AQLDataValuation.cpp">
      <Filter>src\StaticData\Types</Filter>
    </ClCompile>
    <ClCompile Include="..\src\math\src\AQLDataVector.cpp">
      <Filter>src\StaticData\Types</Filter>
    </ClCompile>
    <ClCompile Include="..\src\math\src\AQLPriceDataCalendar.cpp">
      <Filter>src\StaticData\Types</Filter>
    </ClCompile>
    <ClCompile Include="..\src\math\src\AQLPriceDataConvention.cpp">
      <Filter>src\StaticData\Types</Filter>
    </ClCompile>
    <ClCompile Include="..\src\math\src\AQLPriceDataDayCount.cpp">
      <Filter>src\StaticData\Types</Filter>
    </ClCompile>
    <ClCompile Include="..\src\math\src\AQLPriceDataFunction.cpp">
      <Filter>src\StaticData\Types</Filter>
    </ClCompile>
    <ClCompile Include="..\src\math\src\AQLPriceDataFunctions.cpp">
      <Filter>src\StaticData\Types</Filter>
    </ClCompile>
    <ClCompile Include="..\src\math\src\AQLPriceDataInterpolation.cpp">
      <Filter>src\StaticData\Types</Filter>
    </ClCompile>
    <ClCompile Include="..\src\math\src\AQLPriceDataRand.cpp">
      <Filter>src\StaticData\Types</Filter>
    </ClCompile>
    <ClCompile Include="..\src\math\src\AQLDataBase.cpp">
      <Filter>src\StaticData\Objects</Filter>
    </ClCompile>
    <ClCompile Include="..\src\math\src\AQLPriceDataSlidingRule.cpp">
      <Filter>src\StaticData\Types</Filter>
    </ClCompile>
    <ClCompile Include="..\src\math\src\AQLObject.cpp">
      <Filter>src\StaticData\Objects</Filter>
    </ClCompile>
    <ClCompile Include="..\src\math\src\AQLObjectHolder.cpp">
      <Filter>src\StaticData\Objects</Filter>
    </ClCompile>
    <ClCompile Include="..\src\math\src\AQLObjectMaster.cpp">
      <Filter>src\StaticData\Objects</Filter>
    </ClCompile>
    <ClCompile Include="..\src\math\src\AQLObjectPool.cpp">
      <Filter>src\StaticData\Objects</Filter>
    </ClCompile>
    <ClCompile Include="..\src\math\src\AQLCoreProcedure.cpp">
      <Filter>src\StaticData\Objects</Filter>
    </ClCompile>
    <ClCompile Include="..\src\math\src\AQLCoreReferencePool.cpp">
      <Filter>src\StaticData\Objects</Filter>
    </ClCompile>
    <ClCompile Include="..\src\math\src\AQLDataObjHolder.cpp">
      <Filter>src\StaticData\Objects</Filter>
    </ClCompile>
    <ClCompile Include="..\src\math\src\AQLCoreLockControl.cpp">
      <Filter>src\Infrastructure</Filter>
    </ClCompile>
    <ClCompile Include="..\src\math\src\AQLDataCSVFileLoader.cpp">
      <Filter>src\Infrastructure</Filter>
    </ClCompile>
    <ClCompile Include="..\src\math\src\AQLDataFile.cpp">
      <Filter>src\Infrastructure</Filter>
    </ClCompile>
    <ClCompile Include="..\src\math\src\AQLCoreAppError.cpp">
      <Filter>src\ErrorHandling</Filter>
    </ClCompile>
    <ClCompile Include="..\src\math\src\AQLCoreError.cpp">
      <Filter>src\ErrorHandling</Filter>
    </ClCompile>
    <ClCompile Include="..\src\math\src\AQLCoreSystemError.cpp">
      <Filter>src\ErrorHandling</Filter>
    </ClCompile>
    <ClCompile Include="..\src\math\src\AQLCoreFunctionBase.cpp">
      <Filter>src\Factory</Filter>
    </ClCompile>
    <ClCompile Include="..\src\math\src\AQLCoreFunctionHolder.cpp">
      <Filter>src\Factory</Filter>
    </ClCompile>
    <ClCompile Include="..\src\math\src\AQLFunctionManager.cpp">
      <Filter>src\Factory</Filter>
    </ClCompile>
    <ClCompile Include="..\src\math\src\AQLFunctionUtilities.cpp">
      <Filter>src\Factory</Filter>
    </ClCompile>
    <ClCompile Include="..\src\math\src\AQL1DIntegral.cpp">
      <Filter>src\Integration</Filter>
    </ClCompile>
    <ClCompile Include="..\src\math\src\AQLEulerIntegral.cpp">
      <Filter>src\Integration</Filter>
    </ClCompile>
    <ClCompile Include="..\src\math\src\AQLGaussHermite.cpp">
      <Filter>src\Integration</Filter>
    </ClCompile>
    <ClCompile Include="..\src\math\src\AQLGaussianCopula.cpp">
      <Filter>src\Integration</Filter>
    </ClCompile>
    <ClCompile Include="..\src\math\src\AQLGaussianQuadrature.cpp">
      <Filter>src\Integration</Filter>
    </ClCompile>
    <ClCompile Include="..\src\math\src\AQLGaussLaguerre.cpp">
      <Filter>src\Integration</Filter>
    </ClCompile>
    <ClCompile Include="..\src\math\src\AQLGaussLegendre.cpp">
      <Filter>src\Integration</Filter>
    </ClCompile>
    <ClCompile Include="..\src\math\src\AQLGaussLobattointegral.cpp">
      <Filter>src\Integration</Filter>
    </ClCompile>
    <ClCompile Include="..\src\math\src\AQLIntegralBase.cpp">
      <Filter>src\Integration</Filter>
    </ClCompile>
    <ClCompile Include="..\src\math\src\AQLIntegralMC.cpp">
      <Filter>src\Integration</Filter>
    </ClCompile>
    <ClCompile Include="..\src\math\src\AQLRomberg.cpp">
      <Filter>src\Integration</Filter>
    </ClCompile>
    <ClCompile Include="..\src\math\src\AQLConstrainedSplineInterpolation.cpp">
      <Filter>src\Interpolation</Filter>
    </ClCompile>
    <ClCompile Include="..\src\math\src\AQLIntegratedFunc.cpp">
      <Filter>src\Integration</Filter>
    </ClCompile>
    <ClCompile Include="..\src\math\src\AQLBivariateDistribution.cpp">
      <Filter>src\Distributions</Filter>
    </ClCompile>
    <ClCompile Include="..\src\math\src\AQLBivariateGaussianCopula.cpp">
      <Filter>src\Distributions</Filter>
    </ClCompile>
    <ClCompile Include="..\src\math\src\AQLBivariateNormalDistribution.cpp">
      <Filter>src\Distributions</Filter>
    </ClCompile>
    <ClCompile Include="..\src\math\src\AQLBivariatePowerCopula.cpp">
      <Filter>src\Distributions</Filter>
    </ClCompile>
    <ClCompile Include="..\src\math\src\AQLBivariateStudentTCopula.cpp">
      <Filter>src\Distributions</Filter>
    </ClCompile>
    <ClCompile Include="..\src\math\src\AQLBivariateStudentTDistribution.cpp">
      <Filter>src\Distributions</Filter>
    </ClCompile>
    <ClCompile Include="..\src\math\src\AQLBasic.cpp">
      <Filter>src\Math</Filter>
    </ClCompile>
    <ClCompile Include="..\src\math\src\AQLFactorModel.cpp">
      <Filter>src\Math</Filter>
    </ClCompile>
    <ClCompile Include="..\src\math\src\AQLBoxMuller.cpp">
      <Filter>src\RandomVariates</Filter>
    </ClCompile>
    <ClCompile Include="..\src\math\src\AQLBrownianBridge.cpp">
      <Filter>src\RandomVariates</Filter>
    </ClCompile>
    <ClCompile Include="..\src\math\src\AQLCholeskyDecompSC.cpp">
      <Filter>src\RandomVariates</Filter>
    </ClCompile>
    <ClCompile Include="..\src\math\src\AQLFindRootBase.cpp">
      <Filter>src\Optimization</Filter>
    </ClCompile>
    <ClCompile Include="..\src\math\src\AQLFindRootBrent.cpp">
      <Filter>src\Optimization</Filter>
    </ClCompile>
    <ClCompile Include="..\src\math\src\AQLOptimumBase.cpp">
      <Filter>src\Optimization</Filter>
    </ClCompile>
    <ClCompile Include="..\src\math\src\AQLOptimumBFGS.cpp">
      <Filter>src\Optimization</Filter>
    </ClCompile>
    <ClCompile Include="..\src\math\src\AQLOptimumBrent.cpp">
      <Filter>src\Optimization</Filter>
    </ClCompile>
    <ClCompile Include="..\src\math\src\AQLSobol.cpp">
      <Filter>src\RandomVariates</Filter>
    </ClCompile>
    <ClCompile Include="..\src\math\src\AQLRandBase.cpp">
      <Filter>src\RandomVariates</Filter>
    </ClCompile>
    <ClCompile Include="..\src\math\src\AQLSplineInterpolation.cpp">
      <Filter>src\Interpolation</Filter>
    </ClCompile>
    <ClCompile Include="..\src\math\src\AQLStepInterpolation.cpp">
      <Filter>src\Interpolation</Filter>
    </ClCompile>
    <ClCompile Include="..\src\math\src\AQLStudentTDistribution.cpp">
      <Filter>src\Distributions</Filter>
    </ClCompile>
    <ClCompile Include="..\src\math\src\AQLUnivariateDistribution.cpp">
      <Filter>src\Distributions</Filter>
    </ClCompile>
    <ClCompile Include="..\src\math\src\AQLFTQuasiRandGF.cpp">
      <Filter>src\RandomVariates</Filter>
    </ClCompile>
    <ClCompile Include="..\src\math\src\AQLFTQuasiRandGS.cpp">
      <Filter>src\RandomVariates</Filter>
    </ClCompile>
    <ClCompile Include="..\src\math\src\AQLDist.cpp">
      <Filter>src\Distributions</Filter>
    </ClCompile>
    <ClCompile Include="..\src\math\src\AQLLinearInterpolation.cpp">
      <Filter>src\Interpolation</Filter>
    </ClCompile>
    <ClCompile Include="..\src\math\src\AQLLinearSplineInterpolation.cpp">
      <Filter>src\Interpolation</Filter>
    </ClCompile>
    <ClCompile Include="..\src\math\src\AQLInterpolationBase.cpp">
      <Filter>src\Interpolation</Filter>
    </ClCompile>
    <ClCompile Include="..\src\math\src\AQLNormalDistribution.cpp">
      <Filter>src\Distributions</Filter>
    </ClCompile>
    <ClCompile Include="..\src\math\src\AQLNl2sol.cpp">
      <Filter>src\Optimization</Filter>
    </ClCompile>
    <ClCompile Include="..\src\math\src\AQLAntithetic.cpp">
      <Filter>src\RandomVariates</Filter>
    </ClCompile>
    <ClCompile Include="..\src\math\src\AQL1DNormDist.cpp">
      <Filter>src\Distributions</Filter>
    </ClCompile>
    <ClCompile Include="..\src\math\src\AQLExpFunc.cpp">
      <Filter>src\MathMethods</Filter>
    </ClCompile>
    <ClCompile Include="..\src\math\src\AQLLinearFunc.cpp">
      <Filter>src\MathMethods</Filter>
    </ClCompile>
    <ClCompile Include="..\src\math\src\AQLMaxFunc.cpp">
      <Filter>src\MathMethods</Filter>
    </ClCompile>
    <ClCompile Include="..\src\math\src\AQLParabolicInterpolation.cpp">
      <Filter>src\Interpolation</Filter>
    </ClCompile>
    <ClCompile Include="..\src\math\src\AQLMonotoneConvexInterpolation.cpp">
      <Filter>src\Interpolation</Filter>
    </ClCompile>
    <ClCompile Include="..\src\math\src\AQLDivideFunc.cpp">
      <Filter>src\MathMethods</Filter>
    </ClCompile>
    <ClCompile Include="..\src\math\src\AQL1DPolynomialFunc.cpp">
      <Filter>src\MathMethods</Filter>
    </ClCompile>
    <ClCompile Include="..\src\math\src\AQLCombinationFunc.cpp">
      <Filter>src\MathMethods</Filter>
    </ClCompile>
    <ClCompile Include="..\src\math\src\AQLCompositeFunc.cpp">
      <Filter>src\MathMethods</Filter>
    </ClCompile>
    <ClCompile Include="..\src\math\src\AQLMinFunc.cpp">
      <Filter>src\MathMethods</Filter>
    </ClCompile>
    <ClCompile Include="..\src\math\src\AQLMersenneTwister.cpp">
      <Filter>src\RandomVariates</Filter>
    </ClCompile>
    <ClCompile Include="..\src\math\src\AQLShiftFunc.cpp">
      <Filter>src\MathMethods</Filter>
    </ClCompile>
    <ClCompile Include="..\src\math\src\AQLQuadraticFunc.cpp">
      <Filter>src\MathMethods</Filter>
    </ClCompile>
    <ClCompile Include="..\src\math\src\AQLFunctionVector.cpp">
      <Filter>src\MathMethods</Filter>
    </ClCompile>
    <ClCompile Include="..\src\math\src\AQLFunctionBase.cpp">
      <Filter>src\MathMethods</Filter>
    </ClCompile>
    <ClCompile Include="..\src\math\src\AQLFunction.cpp">
      <Filter>src\MathMethods</Filter>
    </ClCompile>
    <ClCompile Include="..\src\math\src\AQLCoreValuation.cpp">
      <Filter>src\MathMethods</Filter>
    </ClCompile>
    <ClCompile Include="..\src\math\src\AQLMathValuableEntity.cpp">
      <Filter>src\MathMethods</Filter>
    </ClCompile>
    <ClCompile Include="..\src\math\src\AQLConstant.cpp">
      <Filter>src\MathMethods</Filter>
    </ClCompile>
    <ClCompile Include="..\src\math\src\AQLProductDistribution.cpp">
      <Filter>src\Distributions</Filter>
    </ClCompile>
    <ClCompile Include="..\src\math\src\AQL1DDataSet.cpp">
      <Filter>src\Optimization</Filter>
    </ClCompile>
    <ClCompile Include="..\src\math\src\AQLDataInstance.cpp">
      <Filter>src\StaticData\Objects</Filter>
    </ClCompile>
    <ClCompile Include="..\src\math\src\AQLPriceDataManager.cpp">
      <Filter>src\StaticData\Types</Filter>
    </ClCompile>
    <ClCompile Include="..\src\math\src\AQLPriceDataType.cpp">
      <Filter>src\StaticData\Types</Filter>
    </ClCompile>
    <ClCompile Include="..\src\math\src\AQLMonotoneSplineInterpolation.cpp">
      <Filter>src\Interpolation</Filter>
    </ClCompile>
    <ClCompile Include="..\src\math\src\AQLLinearMonotoneSplineInterpolation.cpp">
      <Filter>src\Interpolation</Filter>
    </ClCompile>
    <ClCompile Include="..\src\math\src\CoreEnumerations.cpp">
      <Filter>src\Enums</Filter>
    </ClCompile>
    <ClCompile Include="..\src\math\src\ETradingException.cpp">
      <Filter>src\ErrorHandling</Filter>
    </ClCompile>
    <ClCompile Include="..\src\math\src\AQLEnumConversion.cpp">
      <Filter>src\Enums</Filter>
    </ClCompile>
  </ItemGroup>
</Project>